
Microsoft Visual Studio Solution File, Format Version 12.00
# Visual Studio Version 17
VisualStudioVersion = 17.9.34902.65
MinimumVisualStudioVersion = 10.0.40219.1
Project("{FAE04EC0-301F-11D3-BF4B-00C04F79EFBC}") = "DuplicateRemover", "DuplicateRemover\DuplicateRemover.csproj", "{82167D71-9E8D-4F23-B3D6-D6F7D6F779D8}"
EndProject
Global
	GlobalSection(SolutionConfigurationPlatforms) = preSolution
		Debug|Any CPU = Debug|Any CPU
		Release|Any CPU = Release|Any CPU
	EndGlobalSection
	GlobalSection(ProjectConfigurationPlatforms) = postSolution
		{82167D71-9E8D-4F23-B3D6-D6F7D6F779D8}.Debug|Any CPU.ActiveCfg = Debug|Any CPU
		{82167D71-9E8D-4F23-B3D6-D6F7D6F779D8}.Debug|Any CPU.Build.0 = Debug|Any CPU
		{82167D71-9E8D-4F23-B3D6-D6F7D6F779D8}.Release|Any CPU.ActiveCfg = Release|Any CPU
		{82167D71-9E8D-4F23-B3D6-D6F7D6F779D8}.Release|Any CPU.Build.0 = Release|Any CPU
	EndGlobalSection
	GlobalSection(SolutionProperties) = preSolution
		HideSolutionNode = FALSE
	EndGlobalSection
	GlobalSection(ExtensibilityGlobals) = postSolution
		SolutionGuid = {6E259D7C-1CE1-4633-8EA1-469C81641343}
	EndGlobalSection
EndGlobal
